
Microsoft Visual Studio Solution File, Format Version 12.00
# Visual Studio Version 16
VisualStudioVersion = 16.0.31025.194
MinimumVisualStudioVersion = 10.0.40219.1
Project("{FAE04EC0-301F-11D3-BF4B-00C04F79EFBC}") = "ShippingCalculatorExtra-MichaelLengen", "ShippingCalculatorExtra-MichaelLengen.csproj", "{172F4282-701C-4A89-A125-3DB4054BF6EB}"
EndProject
Global
	GlobalSection(SolutionConfigurationPlatforms) = preSolution
		Debug|Any CPU = Debug|Any CPU
		Release|Any CPU = Release|Any CPU
	EndGlobalSection
	GlobalSection(ProjectConfigurationPlatforms) = postSolution
		{172F4282-701C-4A89-A125-3DB4054BF6EB}.Debug|Any CPU.ActiveCfg = Debug|Any CPU
		{172F4282-701C-4A89-A125-3DB4054BF6EB}.Debug|Any CPU.Build.0 = Debug|Any CPU
		{172F4282-701C-4A89-A125-3DB4054BF6EB}.Release|Any CPU.ActiveCfg = Release|Any CPU
		{172F4282-701C-4A89-A125-3DB4054BF6EB}.Release|Any CPU.Build.0 = Release|Any CPU
	EndGlobalSection
	GlobalSection(SolutionProperties) = preSolution
		HideSolutionNode = FALSE
	EndGlobalSection
	GlobalSection(ExtensibilityGlobals) = postSolution
		SolutionGuid = {26410690-7845-4A57-A170-C2A2811AB5A0}
	EndGlobalSection
EndGlobal
