
Microsoft Visual Studio Solution File, Format Version 12.00
# Visual Studio Version 16
VisualStudioVersion = 16.0.31025.194
MinimumVisualStudioVersion = 10.0.40219.1
Project("{FAE04EC0-301F-11D3-BF4B-00C04F79EFBC}") = "TieredPlayerSalaryViaIF-MichaelLengen", "TieredPlayerSalaryViaIF-MichaelLengen.csproj", "{79CDFEBF-F711-4D72-9E58-FC615170070A}"
EndProject
Global
	GlobalSection(SolutionConfigurationPlatforms) = preSolution
		Debug|Any CPU = Debug|Any CPU
		Release|Any CPU = Release|Any CPU
	EndGlobalSection
	GlobalSection(ProjectConfigurationPlatforms) = postSolution
		{79CDFEBF-F711-4D72-9E58-FC615170070A}.Debug|Any CPU.ActiveCfg = Debug|Any CPU
		{79CDFEBF-F711-4D72-9E58-FC615170070A}.Debug|Any CPU.Build.0 = Debug|Any CPU
		{79CDFEBF-F711-4D72-9E58-FC615170070A}.Release|Any CPU.ActiveCfg = Release|Any CPU
		{79CDFEBF-F711-4D72-9E58-FC615170070A}.Release|Any CPU.Build.0 = Release|Any CPU
	EndGlobalSection
	GlobalSection(SolutionProperties) = preSolution
		HideSolutionNode = FALSE
	EndGlobalSection
	GlobalSection(ExtensibilityGlobals) = postSolution
		SolutionGuid = {06667282-46C4-4345-BCB2-DB09F75777D9}
	EndGlobalSection
EndGlobal
